lockfileVersion: '9.0'

settings:
  autoInstallPeers: true
  excludeLinksFromLockfile: false

importers:

  .:
    dependencies:
      undici:
        specifier: ^6.21.1
        version: 6.25.0

packages:

  undici@6.25.0:
    resolution: {integrity: sha512-ZgpWDC5gmNiuY9CnLVXEH8rl50xhRCuLNA97fAUnKi8RRuV4E6KG31pDTsLVUKnohJE0I3XDrTeEydAXRw47xg==}
    engines: {node: '>=18.17'}

snapshots:

  undici@6.25.0: {}
